{
  "name": "technician",
  "version": "1.0.0",
  "lockfileVersion": 1,
  "requires": true,
  "dependencies": {
    "wux-weapp": {
      "version": "3.8.5",
      "resolved": "https://registry.npmjs.org/wux-weapp/-/wux-weapp-3.8.5.tgz",
      "integrity": "sha512-KvRgVA/S9skfgq9YjTEPCR5+vIvmOYG4hGcopO5u9tGfW2FFNw9wrywL3Jl8L9GRGnr2xZ/r5wSbk2GtiiY2eQ=="
    }
  }
}
