{
  "name": "technician",
  "version": "1.0.0",
  "lockfileVersion": 1,
  "requires": true,
  "dependencies": {
    "@vant/weapp": {
      "version": "1.3.2",
      "resolved": "https://registry.npmjs.org/@vant/weapp/-/weapp-1.3.2.tgz",
      "integrity": "sha512-xH1Q9Zr+4Zv/SDXfqfSZJW4X9GetSWGjC+gygfaxHZs6d8Ty999cqnZeIx9UVlKbPzvQLcyhTCdMqRddsbEItw=="
    },
    "wux-weapp": {
      "version": "3.8.5",
      "resolved": "https://registry.npmjs.org/wux-weapp/-/wux-weapp-3.8.5.tgz",
      "integrity": "sha512-KvRgVA/S9skfgq9YjTEPCR5+vIvmOYG4hGcopO5u9tGfW2FFNw9wrywL3Jl8L9GRGnr2xZ/r5wSbk2GtiiY2eQ=="
    }
  }
}
